
Microsoft Visual Studio Solution File, Format Version 12.00
# Visual Studio Version 17
VisualStudioVersion = 17.10.34928.147
MinimumVisualStudioVersion = 10.0.40219.1
Project("{9A19103F-16F7-4668-BE54-9A1E7A4F7556}") = "BanqueTardi", "BanqueTardi.csproj", "{026DD1A8-5CB1-4E57-B7F6-A0EF770E14F2}"
EndProject
Global
	GlobalSection(SolutionConfigurationPlatforms) = preSolution
		Debug|Any CPU = Debug|Any CPU
		Release|Any CPU = Release|Any CPU
	EndGlobalSection
	GlobalSection(ProjectConfigurationPlatforms) = postSolution
		{026DD1A8-5CB1-4E57-B7F6-A0EF770E14F2}.Debug|Any CPU.ActiveCfg = Debug|Any CPU
		{026DD1A8-5CB1-4E57-B7F6-A0EF770E14F2}.Debug|Any CPU.Build.0 = Debug|Any CPU
		{026DD1A8-5CB1-4E57-B7F6-A0EF770E14F2}.Release|Any CPU.ActiveCfg = Release|Any CPU
		{026DD1A8-5CB1-4E57-B7F6-A0EF770E14F2}.Release|Any CPU.Build.0 = Release|Any CPU
	EndGlobalSection
	GlobalSection(SolutionProperties) = preSolution
		HideSolutionNode = FALSE
	EndGlobalSection
	GlobalSection(ExtensibilityGlobals) = postSolution
		SolutionGuid = {B3277D4A-446A-4CE6-B94A-703DD34EE97B}
	EndGlobalSection
EndGlobal
